
Microsoft Visual Studio Solution File, Format Version 12.00
# Visual Studio Version 16
VisualStudioVersion = 16.0.29503.13
MinimumVisualStudioVersion = 10.0.40219.1
Project("{FAE04EC0-301F-11D3-BF4B-00C04F79EFBC}") = "EustonLeisureMessaging", "EustonLeisureMessaging.csproj", "{A483D6D9-6BF1-46C6-84F7-3232E171F19D}"
EndProject
Project("{FAE04EC0-301F-11D3-BF4B-00C04F79EFBC}") = "EustonLeisureMessagingUnitTest", "..\EustonLeisureMessagingUnitTest\EustonLeisureMessagingUnitTest.csproj", "{AF984D02-0BA0-4523-906D-958FE0129C0A}"
EndProject
Global
	GlobalSection(SolutionConfigurationPlatforms) = preSolution
		Debug|Any CPU = Debug|Any CPU
		Release|Any CPU = Release|Any CPU
	EndGlobalSection
	GlobalSection(ProjectConfigurationPlatforms) = postSolution
		{A483D6D9-6BF1-46C6-84F7-3232E171F19D}.Debug|Any CPU.ActiveCfg = Debug|Any CPU
		{A483D6D9-6BF1-46C6-84F7-3232E171F19D}.Debug|Any CPU.Build.0 = Debug|Any CPU
		{A483D6D9-6BF1-46C6-84F7-3232E171F19D}.Release|Any CPU.ActiveCfg = Release|Any CPU
		{A483D6D9-6BF1-46C6-84F7-3232E171F19D}.Release|Any CPU.Build.0 = Release|Any CPU
		{AF984D02-0BA0-4523-906D-958FE0129C0A}.Debug|Any CPU.ActiveCfg = Debug|Any CPU
		{AF984D02-0BA0-4523-906D-958FE0129C0A}.Debug|Any CPU.Build.0 = Debug|Any CPU
		{AF984D02-0BA0-4523-906D-958FE0129C0A}.Release|Any CPU.ActiveCfg = Release|Any CPU
		{AF984D02-0BA0-4523-906D-958FE0129C0A}.Release|Any CPU.Build.0 = Release|Any CPU
	EndGlobalSection
	GlobalSection(SolutionProperties) = preSolution
		HideSolutionNode = FALSE
	EndGlobalSection
	GlobalSection(ExtensibilityGlobals) = postSolution
		SolutionGuid = {09AFF2EC-001D-42E4-8156-13F979FA5133}
	EndGlobalSection
EndGlobal
